<?xml version="1.0" encoding="utf-8"?>
<Project ToolsVersion="4.0" xmlns="http://schemas.microsoft.com/developer/msbuild/2003">
  <ItemGroup>
    <Filter Include="Source Files">
      <UniqueIdentifier>{4FC737F1-C7A5-4376-A066-2A32D752A2FF}</UniqueIdentifier>
      <Extensions>cpp;c;cc;cxx;c++;cppm;ixx;def;odl;idl;hpj;bat;asm;asmx</Extensions>
    </Filter>
    <Filter Include="Header Files">
      <UniqueIdentifier>{93995380-89BD-4b04-88EB-625FBE52EBFB}</UniqueIdentifier>
      <Extensions>h;hh;hpp;hxx;h++;hm;inl;inc;ipp;xsd</Extensions>
    </Filter>
    <Filter Include="Offsets">
      <UniqueIdentifier>{106c07b4-2c5c-4c28-92dd-a89d1517e59a}</UniqueIdentifier>
    </Filter>
    <Filter Include="Library">
      <UniqueIdentifier>{75dbd2c8-2adb-4728-b945-04756cbb1e6c}</UniqueIdentifier>
    </Filter>
    <Filter Include="Library\MinHook">
      <UniqueIdentifier>{57760420-684d-4fa4-ae95-28086717cc86}</UniqueIdentifier>
    </Filter>
    <Filter Include="Library\MinHook\hde">
      <UniqueIdentifier>{43a6c8ce-f343-4f1b-b072-0cc5a9e1d75e}</UniqueIdentifier>
    </Filter>
    <Filter Include="Library\ImGui">
      <UniqueIdentifier>{db2d8c40-4771-4213-89cf-f77bffa3c0ee}</UniqueIdentifier>
    </Filter>
  </ItemGroup>
  <ItemGroup>
    <ClCompile Include="dllmain.cpp">
      <Filter>Source Files</Filter>
    </ClCompile>
    <ClCompile Include="ImGui\imgui.cpp">
      <Filter>Library\ImGui</Filter>
    </ClCompile>
    <ClCompile Include="ImGui\imgui_demo.cpp">
      <Filter>Library\ImGui</Filter>
    </ClCompile>
    <ClCompile Include="ImGui\imgui_draw.cpp">
      <Filter>Library\ImGui</Filter>
    </ClCompile>
    <ClCompile Include="ImGui\imgui_impl_dx9.cpp">
      <Filter>Library\ImGui</Filter>
    </ClCompile>
    <ClCompile Include="ImGui\imgui_impl_win32.cpp">
      <Filter>Library\ImGui</Filter>
    </ClCompile>
    <ClCompile Include="ImGui\imgui_widgets.cpp">
      <Filter>Library\ImGui</Filter>
    </ClCompile>
    <ClCompile Include="MinHook\src\buffer.c">
      <Filter>Library\MinHook</Filter>
    </ClCompile>
    <ClCompile Include="MinHook\src\hook.c">
      <Filter>Library\MinHook</Filter>
    </ClCompile>
    <ClCompile Include="MinHook\src\trampoline.c">
      <Filter>Library\MinHook</Filter>
    </ClCompile>
    <ClCompile Include="MinHook\src\hde\hde32.c">
      <Filter>Library\MinHook\hde</Filter>
    </ClCompile>
    <ClCompile Include="MinHook\src\hde\hde64.c">
      <Filter>Library\MinHook\hde</Filter>
    </ClCompile>
    <ClCompile Include="Render.cpp">
      <Filter>Source Files</Filter>
    </ClCompile>
    <ClCompile Include="Meme.cpp">
      <Filter>Source Files</Filter>
    </ClCompile>
    <ClCompile Include="Directx.cpp">
      <Filter>Source Files</Filter>
    </ClCompile>
  </ItemGroup>
  <ItemGroup>
    <ClInclude Include="csgo.h">
      <Filter>Offsets</Filter>
    </ClInclude>
    <ClInclude Include="ImGui\imconfig.h">
      <Filter>Library\ImGui</Filter>
    </ClInclude>
    <ClInclude Include="ImGui\imgui.h">
      <Filter>Library\ImGui</Filter>
    </ClInclude>
    <ClInclude Include="ImGui\imgui_impl_dx9.h">
      <Filter>Library\ImGui</Filter>
    </ClInclude>
    <ClInclude Include="ImGui\imgui_impl_win32.h">
      <Filter>Library\ImGui</Filter>
    </ClInclude>
    <ClInclude Include="ImGui\imgui_internal.h">
      <Filter>Library\ImGui</Filter>
    </ClInclude>
    <ClInclude Include="ImGui\imstb_rectpack.h">
      <Filter>Library\ImGui</Filter>
    </ClInclude>
    <ClInclude Include="ImGui\imstb_textedit.h">
      <Filter>Library\ImGui</Filter>
    </ClInclude>
    <ClInclude Include="ImGui\imstb_truetype.h">
      <Filter>Library\ImGui</Filter>
    </ClInclude>
    <ClInclude Include="MinHook\src\buffer.h">
      <Filter>Library\MinHook</Filter>
    </ClInclude>
    <ClInclude Include="MinHook\src\trampoline.h">
      <Filter>Library\MinHook</Filter>
    </ClInclude>
    <ClInclude Include="MinHook\src\hde\hde32.h">
      <Filter>Library\MinHook\hde</Filter>
    </ClInclude>
    <ClInclude Include="MinHook\src\hde\hde64.h">
      <Filter>Library\MinHook\hde</Filter>
    </ClInclude>
    <ClInclude Include="MinHook\src\hde\pstdint.h">
      <Filter>Library\MinHook\hde</Filter>
    </ClInclude>
    <ClInclude Include="MinHook\src\hde\table32.h">
      <Filter>Library\MinHook\hde</Filter>
    </ClInclude>
    <ClInclude Include="MinHook\src\hde\table64.h">
      <Filter>Library\MinHook\hde</Filter>
    </ClInclude>
    <ClInclude Include="Render.h">
      <Filter>Header Files</Filter>
    </ClInclude>
    <ClInclude Include="Types.h">
      <Filter>Header Files</Filter>
    </ClInclude>
    <ClInclude Include="Entity.h">
      <Filter>Header Files</Filter>
    </ClInclude>
    <ClInclude Include="Macro.h">
      <Filter>Header Files</Filter>
    </ClInclude>
    <ClInclude Include="Sdk.h">
      <Filter>Header Files</Filter>
    </ClInclude>
    <ClInclude Include="Meme.h">
      <Filter>Header Files</Filter>
    </ClInclude>
    <ClInclude Include="Directx.h">
      <Filter>Header Files</Filter>
    </ClInclude>
    <ClInclude Include="pch.h">
      <Filter>Header Files</Filter>
    </ClInclude>
  </ItemGroup>
</Project>